
Microsoft Visual Studio Solution File, Format Version 12.00
# Visual Studio Version 17
VisualStudioVersion = 17.5.33502.453
MinimumVisualStudioVersion = 10.0.40219.1
Project("{9A19103F-16F7-4668-BE54-9A1E7A4F7556}") = "TremoloDemo.Domain", "Domain\TremoloDemo.Domain.csproj", "{92EEA2C1-AFEC-4A64-8DE9-B7E402DAFE5B}"
EndProject
Project("{9A19103F-16F7-4668-BE54-9A1E7A4F7556}") = "TremoloDemo.Services", "Services\TremoloDemo.Services.csproj", "{0A1F6F30-79C2-4522-9547-8A034A1EFE1B}"
EndProject
Project("{9A19103F-16F7-4668-BE54-9A1E7A4F7556}") = "TremoloDemo.Interfaces", "Interfaces\TremoloDemo.Interfaces.csproj", "{606CB245-4899-4D10-9099-C6172C57575C}"
EndProject
Project("{9A19103F-16F7-4668-BE54-9A1E7A4F7556}") = "TremoloDemo.Api", "TremoloDemo.Api\TremoloDemo.Api.csproj", "{49BA0709-BA11-4CA7-B60D-47EE765A12A9}"
EndProject
Project("{FAE04EC0-301F-11D3-BF4B-00C04F79EFBC}") = "TremoloDemo.Tests", "TremoloDemo.Tests\TremoloDemo.Tests.csproj", "{FBA2E062-9AEE-4F53-9CE2-44CFA023A166}"
EndProject
Global
	GlobalSection(SolutionConfigurationPlatforms) = preSolution
		Debug|Any CPU = Debug|Any CPU
		Release|Any CPU = Release|Any CPU
	EndGlobalSection
	GlobalSection(ProjectConfigurationPlatforms) = postSolution
		{92EEA2C1-AFEC-4A64-8DE9-B7E402DAFE5B}.Debug|Any CPU.ActiveCfg = Debug|Any CPU
		{92EEA2C1-AFEC-4A64-8DE9-B7E402DAFE5B}.Debug|Any CPU.Build.0 = Debug|Any CPU
		{92EEA2C1-AFEC-4A64-8DE9-B7E402DAFE5B}.Release|Any CPU.ActiveCfg = Release|Any CPU
		{92EEA2C1-AFEC-4A64-8DE9-B7E402DAFE5B}.Release|Any CPU.Build.0 = Release|Any CPU
		{0A1F6F30-79C2-4522-9547-8A034A1EFE1B}.Debug|Any CPU.ActiveCfg = Debug|Any CPU
		{0A1F6F30-79C2-4522-9547-8A034A1EFE1B}.Debug|Any CPU.Build.0 = Debug|Any CPU
		{0A1F6F30-79C2-4522-9547-8A034A1EFE1B}.Release|Any CPU.ActiveCfg = Release|Any CPU
		{0A1F6F30-79C2-4522-9547-8A034A1EFE1B}.Release|Any CPU.Build.0 = Release|Any CPU
		{606CB245-4899-4D10-9099-C6172C57575C}.Debug|Any CPU.ActiveCfg = Debug|Any CPU
		{606CB245-4899-4D10-9099-C6172C57575C}.Debug|Any CPU.Build.0 = Debug|Any CPU
		{606CB245-4899-4D10-9099-C6172C57575C}.Release|Any CPU.ActiveCfg = Release|Any CPU
		{606CB245-4899-4D10-9099-C6172C57575C}.Release|Any CPU.Build.0 = Release|Any CPU
		{49BA0709-BA11-4CA7-B60D-47EE765A12A9}.Debug|Any CPU.ActiveCfg = Debug|Any CPU
		{49BA0709-BA11-4CA7-B60D-47EE765A12A9}.Debug|Any CPU.Build.0 = Debug|Any CPU
		{49BA0709-BA11-4CA7-B60D-47EE765A12A9}.Release|Any CPU.ActiveCfg = Release|Any CPU
		{49BA0709-BA11-4CA7-B60D-47EE765A12A9}.Release|Any CPU.Build.0 = Release|Any CPU
		{FBA2E062-9AEE-4F53-9CE2-44CFA023A166}.Debug|Any CPU.ActiveCfg = Debug|Any CPU
		{FBA2E062-9AEE-4F53-9CE2-44CFA023A166}.Debug|Any CPU.Build.0 = Debug|Any CPU
		{FBA2E062-9AEE-4F53-9CE2-44CFA023A166}.Release|Any CPU.ActiveCfg = Release|Any CPU
		{FBA2E062-9AEE-4F53-9CE2-44CFA023A166}.Release|Any CPU.Build.0 = Release|Any CPU
	EndGlobalSection
	GlobalSection(SolutionProperties) = preSolution
		HideSolutionNode = FALSE
	EndGlobalSection
	GlobalSection(ExtensibilityGlobals) = postSolution
		SolutionGuid = {2F5015E5-4B64-4AF7-A746-0943557AAD56}
	EndGlobalSection
EndGlobal
